
Microsoft Visual Studio Solution File, Format Version 12.00
# Visual Studio Version 17
VisualStudioVersion = 17.13.35913.81 d17.13
MinimumVisualStudioVersion = 10.0.40219.1
Project("{FAE04EC0-301F-11D3-BF4B-00C04F79EFBC}") = "EjercicioTres", "EjercicioTres\EjercicioTres.csproj", "{80F72AD9-6304-4F40-89A0-8D1B3B0E09D7}"
EndProject
Global
	GlobalSection(SolutionConfigurationPlatforms) = preSolution
		Debug|Any CPU = Debug|Any CPU
		Release|Any CPU = Release|Any CPU
	EndGlobalSection
	GlobalSection(ProjectConfigurationPlatforms) = postSolution
		{80F72AD9-6304-4F40-89A0-8D1B3B0E09D7}.Debug|Any CPU.ActiveCfg = Debug|Any CPU
		{80F72AD9-6304-4F40-89A0-8D1B3B0E09D7}.Debug|Any CPU.Build.0 = Debug|Any CPU
		{80F72AD9-6304-4F40-89A0-8D1B3B0E09D7}.Release|Any CPU.ActiveCfg = Release|Any CPU
		{80F72AD9-6304-4F40-89A0-8D1B3B0E09D7}.Release|Any CPU.Build.0 = Release|Any CPU
	EndGlobalSection
	GlobalSection(SolutionProperties) = preSolution
		HideSolutionNode = FALSE
	EndGlobalSection
	GlobalSection(ExtensibilityGlobals) = postSolution
		SolutionGuid = {7C0C9EE4-612F-41DA-AFD3-D42BB4AB241C}
	EndGlobalSection
EndGlobal
